<Solution>
  <Project Path="IdeaDocking.Android/IdeaDocking.Android.csproj">
    <Deploy />
  </Project>
  <Project Path="IdeaDocking.Browser/IdeaDocking.Browser.csproj" />
  <Project Path="IdeaDocking.Desktop/IdeaDocking.Desktop.csproj" />
  <Project Path="IdeaDocking.iOS/IdeaDocking.iOS.csproj">
    <Deploy />
  </Project>
  <Project Path="IdeaDocking/IdeaDocking.csproj" />
</Solution>
