<Solution>
  <Folder Name="/src/">
    <Project Path="src/IdeaDocking.Avalonia/IdeaDocking.Avalonia.csproj" />
    <Project Path="src/IdeaDocking.Core/IdeaDocking.Core.csproj" />
  </Folder>
  <Folder Name="/tests/">
    <Project Path="tests/IdeaDocking.Avalonia.Tests/IdeaDocking.Avalonia.Tests.csproj" />
    <Project Path="tests/IdeaDocking.Core.Tests/IdeaDocking.Core.Tests.csproj" />
  </Folder>
  <Project Path="IdeaDocking.Android/IdeaDocking.Android.csproj">
    <Deploy />
  </Project>
  <Project Path="IdeaDocking.Browser/IdeaDocking.Browser.csproj" />
  <Project Path="IdeaDocking.Desktop/IdeaDocking.Desktop.csproj" />
  <Project Path="IdeaDocking.iOS/IdeaDocking.iOS.csproj">
    <Deploy />
  </Project>
  <Project Path="IdeaDocking/IdeaDocking.csproj" />
</Solution>
